{
  "name": "implementation-intentions",
  "version": "1.0.0",
  "lockfileVersion": 1,
  "requires": true,
  "dependencies": {
    "easytimer": {
      "version": "1.1.1",
      "resolved": "https://registry.npmjs.org/easytimer/-/easytimer-1.1.1.tgz",
      "integrity": "sha1-Gt3eclZG3iWSQw0DBIp0jWM1TpQ="
    },
    "easytimer.js": {
      "version": "2.2.1",
      "resolved": "https://registry.npmjs.org/easytimer.js/-/easytimer.js-2.2.1.tgz",
      "integrity": "sha512-rUOEEP7A2CZSgrhxC+xlmKdGDNYvDrwiQ08ZzNdgWTa2gFcAZ9PmsM1yHN2Zty3eyVnz7HzG1w89xzeL8x1aWQ=="
    }
  }
}
